// !$*UTF8*$!
{
	archiveVersion = 1;
	classes = {
	};
	objectVersion = 46;
	objects = {

/* Begin PBXBuildFile section */
		1D064A3384CE2550F55835EC /* Metal.framework */ = {isa = PBXBuildFile; fileRef = 46775F1DFE7CB05ED8B0F4F7; settings = { ATTRIBUTES = (Weak, ); }; };
		1FD761131385621A669ADCFB /* include_juce_graphics_Harfbuzz.cpp */ = {isa = PBXBuildFile; fileRef = 9F628DA5172C766540BF939B; };
		312B423CC00DCC10D4E875EF /* Main.cpp */ = {isa = PBXBuildFile; fileRef = B0121EDC503637533C9D8BB4; };
		3A40954ECD4935F2C1746747 /* Security.framework */ = {isa = PBXBuildFile; fileRef = 35C3736A826C40E9908B174C; };
		3A9AEC506DCB0B7870CB9984 /* include_juce_graphics.mm */ = {isa = PBXBuildFile; fileRef = 170F94964D83D321550CCF25; };
		54029AA32A3FEB6E055914CF /* include_juce_dsp.mm */ = {isa = PBXBuildFile; fileRef = DE0F51643D4B9997088A4F6C; };
		5416FE03782CABED856B331B /* include_juce_graphics_Sheenbidi.c */ = {isa = PBXBuildFile; fileRef = 84F34C867CD27FF977D5BFC5; };
		54F87BC92440B391F60E167A /* App */ = {isa = PBXBuildFile; fileRef = 5B2B6FFB23F989CE1D230700; };
		5FE27E1B1C41F0658BA03CD0 /* QuartzCore.framework */ = {isa = PBXBuildFile; fileRef = 738DEBA18F816DC5D4083C9F; };
		636BA454F2DC4C7E04254A4B /* Cocoa.framework */ = {isa = PBXBuildFile; fileRef = D5E7665109252760CD49C186; };
		6CAD47CF17187B9F0CB56399 /* Foundation.framework */ = {isa = PBXBuildFile; fileRef = 9955FA68EF646E81D7BEF0D6; };
		6ECC08CAE7A242A161D5E6A0 /* include_juce_events.mm */ = {isa = PBXBuildFile; fileRef = EFA0ECC1627AB400A6D5CC9B; };
		7197A2EBF9D4B43290F7CFFB /* CoreMIDI.framework */ = {isa = PBXBuildFile; fileRef = 45A82A082C5E23B9970AC897; };
		722970DC89420104423A3BB8 /* AudioToolbox.framework */ = {isa = PBXBuildFile; fileRef = 33CFFB0C14034C3C0580E467; };
		73782CA6278FA2424735BBF5 /* MainComponent.cpp */ = {isa = PBXBuildFile; fileRef = FFF97B2AC389F8CEC3BCE1D5; };
		77F14AAD8527872159A1B6C8 /* IOKit.framework */ = {isa = PBXBuildFile; fileRef = 68E85A1E45F557BC4F9DE2F8; };
		79EAD7AACA9099DC03AA1907 /* CoreAudio.framework */ = {isa = PBXBuildFile; fileRef = 77BB5338BAD5FA474C0B0D90; };
		847DDD6613FCAE02D6781295 /* MetalKit.framework */ = {isa = PBXBuildFile; fileRef = D4F8608A5879D237DE4E5FBE; settings = { ATTRIBUTES = (Weak, ); }; };
		88968A0109086E71E76F5462 /* Accelerate.framework */ = {isa = PBXBuildFile; fileRef = 3E902E464EB5F14693262E1E; };
		97159EB427E4E48247BD4467 /* include_juce_gui_basics.mm */ = {isa = PBXBuildFile; fileRef = 4EC040E418291D626CD5330B; };
		AA84916B34D3E8FFBF43AFEB /* RecentFilesMenuTemplate.nib */ = {isa = PBXBuildFile; fileRef = 461F4EEEC89E925C9BC5E2C2; };
		B1F8EE9BBED7E04BF961A42F /* include_juce_audio_formats.mm */ = {isa = PBXBuildFile; fileRef = C258FD20A23DD0B87CA44730; };
		BBEF40C52EDD04EC41AD1E68 /* include_juce_osc.cpp */ = {isa = PBXBuildFile; fileRef = F920B36FC1226861AC77B0BA; };
		C7554D1057F4541C10D5673F /* include_juce_core.mm */ = {isa = PBXBuildFile; fileRef = 4E4EED70DE5F1568B8FF6A77; };
		C8256E45DF6AF1C64BE346E2 /* include_juce_core_CompilationTime.cpp */ = {isa = PBXBuildFile; fileRef = 12BA6785185FBB38F82FA234; };
		FBAD31F001AD60F3A7E50B71 /* include_juce_data_structures.mm */ = {isa = PBXBuildFile; fileRef = C188A92AB8C2D6B9BB96EF6A; };
		FBC82AB18603E05B2744B9AF /* include_juce_audio_basics.mm */ = {isa = PBXBuildFile; fileRef = C09CD146F782219A53B4EC7F; };
/* End PBXBuildFile section */

/* Begin PBXFileReference section */
		02F4EAA59C62EA27654F3E6C /* juce_audio_formats */ /* juce_audio_formats */ = {isa = PBXFileReference; lastKnownFileType = folder; name = juce_audio_formats; path = /Users/nicola/Documents/JUCE/modules/juce_audio_formats; sourceTree = "<absolute>"; };
		12BA6785185FBB38F82FA234 /* include_juce_core_CompilationTime.cpp */ /* include_juce_core_CompilationTime.cpp */ = {isa = PBXFileReference; lastKnownFileType = sourcecode.cpp.cpp; name = include_juce_core_CompilationTime.cpp; path = ../../JuceLibraryCode/include_juce_core_CompilationTime.cpp; sourceTree = SOURCE_ROOT; };
		152FFE0D0ED05EDB80B41F61 /* juce_dsp */ /* juce_dsp */ = {isa = PBXFileReference; lastKnownFileType = folder; name = juce_dsp; path = /Users/nicola/Documents/JUCE/modules/juce_dsp; sourceTree = "<absolute>"; };
		170F94964D83D321550CCF25 /* include_juce_graphics.mm */ /* include_juce_graphics.mm */ = {isa = PBXFileReference; lastKnownFileType = sourcecode.cpp.objcpp; name = include_juce_graphics.mm; path = ../../JuceLibraryCode/include_juce_graphics.mm; sourceTree = SOURCE_ROOT; };
		33CFFB0C14034C3C0580E467 /* AudioToolbox.framework */ /* AudioToolbox.framework */ = {isa = PBXFileReference; lastKnownFileType = wrapper.framework; name = AudioToolbox.framework; path = System/Library/Frameworks/AudioToolbox.framework; sourceTree = SDKROOT; };
		35C3736A826C40E9908B174C /* Security.framework */ /* Security.framework */ = {isa = PBXFileReference; lastKnownFileType = wrapper.framework; name = Security.framework; path = System/Library/Frameworks/Security.framework; sourceTree = SDKROOT; };
		3E902E464EB5F14693262E1E /* Accelerate.framework */ /* Accelerate.framework */ = {isa = PBXFileReference; lastKnownFileType = wrapper.framework; name = Accelerate.framework; path = System/Library/Frameworks/Accelerate.framework; sourceTree = SDKROOT; };
		45A82A082C5E23B9970AC897 /* CoreMIDI.framework */ /* CoreMIDI.framework */ = {isa = PBXFileReference; lastKnownFileType = wrapper.framework; name = CoreMIDI.framework; path = System/Library/Frameworks/CoreMIDI.framework; sourceTree = SDKROOT; };
		461F4EEEC89E925C9BC5E2C2 /* RecentFilesMenuTemplate.nib */ /* RecentFilesMenuTemplate.nib */ = {isa = PBXFileReference; lastKnownFileType = file.nib; name = RecentFilesMenuTemplate.nib; path = RecentFilesMenuTemplate.nib; sourceTree = SOURCE_ROOT; };
		46775F1DFE7CB05ED8B0F4F7 /* Metal.framework */ /* Metal.framework */ = {isa = PBXFileReference; lastKnownFileType = wrapper.framework; name = Metal.framework; path = System/Library/Frameworks/Metal.framework; sourceTree = SDKROOT; };
		4E4EED70DE5F1568B8FF6A77 /* include_juce_core.mm */ /* include_juce_core.mm */ = {isa = PBXFileReference; lastKnownFileType = sourcecode.cpp.objcpp; name = include_juce_core.mm; path = ../../JuceLibraryCode/include_juce_core.mm; sourceTree = SOURCE_ROOT; };
		4EC040E418291D626CD5330B /* include_juce_gui_basics.mm */ /* include_juce_gui_basics.mm */ = {isa = PBXFileReference; lastKnownFileType = sourcecode.cpp.objcpp; name = include_juce_gui_basics.mm; path = ../../JuceLibraryCode/include_juce_gui_basics.mm; sourceTree = SOURCE_ROOT; };
		5B2B6FFB23F989CE1D230700 /* App */ = {isa = PBXFileReference; explicitFileType = wrapper.application; includeInIndex = 0; path = NewProject.app; sourceTree = BUILT_PRODUCTS_DIR; };
		68D8B4A4B5E2C2392779FBC1 /* juce_data_structures */ /* juce_data_structures */ = {isa = PBXFileReference; lastKnownFileType = folder; name = juce_data_structures; path = /Users/nicola/Documents/JUCE/modules/juce_data_structures; sourceTree = "<absolute>"; };
		68E85A1E45F557BC4F9DE2F8 /* IOKit.framework */ /* IOKit.framework */ = {isa = PBXFileReference; lastKnownFileType = wrapper.framework; name = IOKit.framework; path = System/Library/Frameworks/IOKit.framework; sourceTree = SDKROOT; };
		738DEBA18F816DC5D4083C9F /* QuartzCore.framework */ /* QuartzCore.framework */ = {isa = PBXFileReference; lastKnownFileType = wrapper.framework; name = QuartzCore.framework; path = System/Library/Frameworks/QuartzCore.framework; sourceTree = SDKROOT; };
		77BB5338BAD5FA474C0B0D90 /* CoreAudio.framework */ /* CoreAudio.framework */ = {isa = PBXFileReference; lastKnownFileType = wrapper.framework; name = CoreAudio.framework; path = System/Library/Frameworks/CoreAudio.framework; sourceTree = SDKROOT; };
		83AAB572D5CBB1A59C76FAC3 /* juce_core */ /* juce_core */ = {isa = PBXFileReference; lastKnownFileType = folder; name = juce_core; path = /Users/nicola/Documents/JUCE/modules/juce_core; sourceTree = "<absolute>"; };
		84F34C867CD27FF977D5BFC5 /* include_juce_graphics_Sheenbidi.c */ /* include_juce_graphics_Sheenbidi.c */ = {isa = PBXFileReference; lastKnownFileType = sourcecode.c.c; name = include_juce_graphics_Sheenbidi.c; path = ../../JuceLibraryCode/include_juce_graphics_Sheenbidi.c; sourceTree = SOURCE_ROOT; };
		9955FA68EF646E81D7BEF0D6 /* Foundation.framework */ /* Foundation.framework */ = {isa = PBXFileReference; lastKnownFileType = wrapper.framework; name = Foundation.framework; path = System/Library/Frameworks/Foundation.framework; sourceTree = SDKROOT; };
		9F628DA5172C766540BF939B /* include_juce_graphics_Harfbuzz.cpp */ /* include_juce_graphics_Harfbuzz.cpp */ = {isa = PBXFileReference; lastKnownFileType = sourcecode.cpp.cpp; name = include_juce_graphics_Harfbuzz.cpp; path = ../../JuceLibraryCode/include_juce_graphics_Harfbuzz.cpp; sourceTree = SOURCE_ROOT; };
		B0121EDC503637533C9D8BB4 /* Main.cpp */ /* Main.cpp */ = {isa = PBXFileReference; lastKnownFileType = sourcecode.cpp.cpp; name = Main.cpp; path = ../../Source/Main.cpp; sourceTree = SOURCE_ROOT; };
		B6975CA4E580122006ABAEA0 /* MainComponent.h */ /* MainComponent.h */ = {isa = PBXFileReference; lastKnownFileType = sourcecode.c.h; name = MainComponent.h; path = ../../Source/MainComponent.h; sourceTree = SOURCE_ROOT; };
		BCACFD5B317266D40F658BB3 /* juce_graphics */ /* juce_graphics */ = {isa = PBXFileReference; lastKnownFileType = folder; name = juce_graphics; path = /Users/nicola/Documents/JUCE/modules/juce_graphics; sourceTree = "<absolute>"; };
		C09CD146F782219A53B4EC7F /* include_juce_audio_basics.mm */ /* include_juce_audio_basics.mm */ = {isa = PBXFileReference; lastKnownFileType = sourcecode.cpp.objcpp; name = include_juce_audio_basics.mm; path = ../../JuceLibraryCode/include_juce_audio_basics.mm; sourceTree = SOURCE_ROOT; };
		C188A92AB8C2D6B9BB96EF6A /* include_juce_data_structures.mm */ /* include_juce_data_structures.mm */ = {isa = PBXFileReference; lastKnownFileType = sourcecode.cpp.objcpp; name = include_juce_data_structures.mm; path = ../../JuceLibraryCode/include_juce_data_structures.mm; sourceTree = SOURCE_ROOT; };
		C258FD20A23DD0B87CA44730 /* include_juce_audio_formats.mm */ /* include_juce_audio_formats.mm */ = {isa = PBXFileReference; lastKnownFileType = sourcecode.cpp.objcpp; name = include_juce_audio_formats.mm; path = ../../JuceLibraryCode/include_juce_audio_formats.mm; sourceTree = SOURCE_ROOT; };
		C9AD89F6548FE5DF73C194B0 /* juce_events */ /* juce_events */ = {isa = PBXFileReference; lastKnownFileType = folder; name = juce_events; path = /Users/nicola/Documents/JUCE/modules/juce_events; sourceTree = "<absolute>"; };
		D2502EE6D854E5FBF6AEF1E9 /* JuceHeader.h */ /* JuceHeader.h */ = {isa = PBXFileReference; lastKnownFileType = sourcecode.c.h; name = JuceHeader.h; path = ../../JuceLibraryCode/JuceHeader.h; sourceTree = SOURCE_ROOT; };
		D4F8608A5879D237DE4E5FBE /* MetalKit.framework */ /* MetalKit.framework */ = {isa = PBXFileReference; lastKnownFileType = wrapper.framework; name = MetalKit.framework; path = System/Library/Frameworks/MetalKit.framework; sourceTree = SDKROOT; };
		D5E7665109252760CD49C186 /* Cocoa.framework */ /* Cocoa.framework */ = {isa = PBXFileReference; lastKnownFileType = wrapper.framework; name = Cocoa.framework; path = System/Library/Frameworks/Cocoa.framework; sourceTree = SDKROOT; };
		DA04735EC07D18B608316F97 /* juce_gui_basics */ /* juce_gui_basics */ = {isa = PBXFileReference; lastKnownFileType = folder; name = juce_gui_basics; path = /Users/nicola/Documents/JUCE/modules/juce_gui_basics; sourceTree = "<absolute>"; };
		DDFB0F19149F0109DFA0581E /* juce_osc */ /* juce_osc */ = {isa = PBXFileReference; lastKnownFileType = folder; name = juce_osc; path = /Users/nicola/Documents/JUCE/modules/juce_osc; sourceTree = "<absolute>"; };
		DE0F51643D4B9997088A4F6C /* include_juce_dsp.mm */ /* include_juce_dsp.mm */ = {isa = PBXFileReference; lastKnownFileType = sourcecode.cpp.objcpp; name = include_juce_dsp.mm; path = ../../JuceLibraryCode/include_juce_dsp.mm; sourceTree = SOURCE_ROOT; };
		E4A273297BB38737334D5AEB /* Info-App.plist */ /* Info-App.plist */ = {isa = PBXFileReference; lastKnownFileType = text.plist.xml; name = "Info-App.plist"; path = "Info-App.plist"; sourceTree = SOURCE_ROOT; };
		EFA0ECC1627AB400A6D5CC9B /* include_juce_events.mm */ /* include_juce_events.mm */ = {isa = PBXFileReference; lastKnownFileType = sourcecode.cpp.objcpp; name = include_juce_events.mm; path = ../../JuceLibraryCode/include_juce_events.mm; sourceTree = SOURCE_ROOT; };
		F4A272C90B8FABD003367A17 /* juce_audio_basics */ /* juce_audio_basics */ = {isa = PBXFileReference; lastKnownFileType = folder; name = juce_audio_basics; path = /Users/nicola/Documents/JUCE/modules/juce_audio_basics; sourceTree = "<absolute>"; };
		F920B36FC1226861AC77B0BA /* include_juce_osc.cpp */ /* include_juce_osc.cpp */ = {isa = PBXFileReference; lastKnownFileType = sourcecode.cpp.cpp; name = include_juce_osc.cpp; path = ../../JuceLibraryCode/include_juce_osc.cpp; sourceTree = SOURCE_ROOT; };
		FFF97B2AC389F8CEC3BCE1D5 /* MainComponent.cpp */ /* MainComponent.cpp */ = {isa = PBXFileReference; lastKnownFileType = sourcecode.cpp.cpp; name = MainComponent.cpp; path = ../../Source/MainComponent.cpp; sourceTree = SOURCE_ROOT; };
/* End PBXFileReference section */

/* Begin PBXFrameworksBuildPhase section */
		2DC0C853CC776D5E5AF96B34 = {
			isa = PBXFrameworksBuildPhase;
			buildActionMask = 2147483647;
			files = (
				88968A0109086E71E76F5462,
				722970DC89420104423A3BB8,
				636BA454F2DC4C7E04254A4B,
				79EAD7AACA9099DC03AA1907,
				7197A2EBF9D4B43290F7CFFB,
				6CAD47CF17187B9F0CB56399,
				77F14AAD8527872159A1B6C8,
				5FE27E1B1C41F0658BA03CD0,
				3A40954ECD4935F2C1746747,
				1D064A3384CE2550F55835EC,
				847DDD6613FCAE02D6781295,
			);
			runOnlyForDeploymentPostprocessing = 0;
		};
/* End PBXFrameworksBuildPhase section */

/* Begin PBXGroup section */
		00E1AC74D8B8C6991E7BC493 /* Products */ = {
			isa = PBXGroup;
			children = (
				5B2B6FFB23F989CE1D230700,
			);
			name = Products;
			sourceTree = "<group>";
		};
		02EC8EC51CDD9C22F6008F65 /* JUCE Modules */ = {
			isa = PBXGroup;
			children = (
				F4A272C90B8FABD003367A17,
				02F4EAA59C62EA27654F3E6C,
				83AAB572D5CBB1A59C76FAC3,
				68D8B4A4B5E2C2392779FBC1,
				152FFE0D0ED05EDB80B41F61,
				C9AD89F6548FE5DF73C194B0,
				BCACFD5B317266D40F658BB3,
				DA04735EC07D18B608316F97,
				DDFB0F19149F0109DFA0581E,
			);
			name = "JUCE Modules";
			sourceTree = "<group>";
		};
		215DBF1B56A62F5A3E0791CE /* Resources */ = {
			isa = PBXGroup;
			children = (
				E4A273297BB38737334D5AEB,
				461F4EEEC89E925C9BC5E2C2,
			);
			name = Resources;
			sourceTree = "<group>";
		};
		5476E60EE9055143914C01FF /* Source */ = {
			isa = PBXGroup;
			children = (
				C6DEBB99B8A6E6E05CACCF4C,
				02EC8EC51CDD9C22F6008F65,
				F96146ACE265C0DD358A8C6F,
				215DBF1B56A62F5A3E0791CE,
				87974F0FA807631AF7D45351,
				00E1AC74D8B8C6991E7BC493,
			);
			name = Source;
			sourceTree = "<group>";
		};
		87974F0FA807631AF7D45351 /* Frameworks */ = {
			isa = PBXGroup;
			children = (
				3E902E464EB5F14693262E1E,
				33CFFB0C14034C3C0580E467,
				D5E7665109252760CD49C186,
				77BB5338BAD5FA474C0B0D90,
				45A82A082C5E23B9970AC897,
				9955FA68EF646E81D7BEF0D6,
				68E85A1E45F557BC4F9DE2F8,
				738DEBA18F816DC5D4083C9F,
				35C3736A826C40E9908B174C,
				46775F1DFE7CB05ED8B0F4F7,
				D4F8608A5879D237DE4E5FBE,
			);
			name = Frameworks;
			sourceTree = "<group>";
		};
		933AD8513A5F6E8A3939BC2D /* Source */ = {
			isa = PBXGroup;
			children = (
				B0121EDC503637533C9D8BB4,
				B6975CA4E580122006ABAEA0,
				FFF97B2AC389F8CEC3BCE1D5,
			);
			name = Source;
			sourceTree = "<group>";
		};
		C6DEBB99B8A6E6E05CACCF4C /* NewProject */ = {
			isa = PBXGroup;
			children = (
				933AD8513A5F6E8A3939BC2D,
			);
			name = NewProject;
			sourceTree = "<group>";
		};
		F96146ACE265C0DD358A8C6F /* JUCE Library Code */ = {
			isa = PBXGroup;
			children = (
				C09CD146F782219A53B4EC7F,
				C258FD20A23DD0B87CA44730,
				4E4EED70DE5F1568B8FF6A77,
				12BA6785185FBB38F82FA234,
				C188A92AB8C2D6B9BB96EF6A,
				DE0F51643D4B9997088A4F6C,
				EFA0ECC1627AB400A6D5CC9B,
				170F94964D83D321550CCF25,
				9F628DA5172C766540BF939B,
				84F34C867CD27FF977D5BFC5,
				4EC040E418291D626CD5330B,
				F920B36FC1226861AC77B0BA,
				D2502EE6D854E5FBF6AEF1E9,
			);
			name = "JUCE Library Code";
			sourceTree = "<group>";
		};
/* End PBXGroup section */

/* Begin PBXNativeTarget section */
		2C09E335919C456E8299520F /* NewProject - App */ = {
			isa = PBXNativeTarget;
			buildConfigurationList = F97B9B5784C36F31AE0BEECC;
			buildPhases = (
				DFD79CA6236CD407AB065712,
				E72C89B9AB1C2E499091E4CF,
				2DC0C853CC776D5E5AF96B34,
			);
			buildRules = (
			);
			dependencies = (
			);
			name = "NewProject - App";
			productName = NewProject;
			productReference = 5B2B6FFB23F989CE1D230700;
			productType = "com.apple.product-type.application";
		};
/* End PBXNativeTarget section */

/* Begin PBXProject section */
		D148E6ADB21E719E954B5212 = {
			isa = PBXProject;
			attributes = {
				BuildIndependentTargetsInParallel = YES;
				LastUpgradeCheck = 1340;
				ORGANIZATIONNAME = "";
				TargetAttributes = {
					2C09E335919C456E8299520F = {
						SystemCapabilities = {
							com.apple.ApplicationGroups.iOS = {
								enabled = 0;
							};
							com.apple.HardenedRuntime = {
								enabled = 0;
							};
							com.apple.InAppPurchase = {
								enabled = 0;
							};
							com.apple.InterAppAudio = {
								enabled = 0;
							};
							com.apple.Push = {
								enabled = 0;
							};
							com.apple.Sandbox = {
								enabled = 0;
							};
						};
					};
				};
			};
			buildConfigurationList = 5AD4D05F74B6A10A65578CFC;
			compatibilityVersion = "Xcode 3.2";
			hasScannedForEncodings = 0;
			knownRegions = (
				en,
				Base,
			);
			mainGroup = 5476E60EE9055143914C01FF;
			projectDirPath = "";
			projectRoot = "";
			targets = (
				2C09E335919C456E8299520F,
			);
		};
/* End PBXProject section */

/* Begin PBXResourcesBuildPhase section */
		DFD79CA6236CD407AB065712 = {
			isa = PBXResourcesBuildPhase;
			buildActionMask = 2147483647;
			files = (
				AA84916B34D3E8FFBF43AFEB,
			);
			runOnlyForDeploymentPostprocessing = 0;
		};
/* End PBXResourcesBuildPhase section */

/* Begin PBXSourcesBuildPhase section */
		E72C89B9AB1C2E499091E4CF = {
			isa = PBXSourcesBuildPhase;
			buildActionMask = 2147483647;
			files = (
				312B423CC00DCC10D4E875EF,
				73782CA6278FA2424735BBF5,
				FBC82AB18603E05B2744B9AF,
				B1F8EE9BBED7E04BF961A42F,
				C7554D1057F4541C10D5673F,
				C8256E45DF6AF1C64BE346E2,
				FBAD31F001AD60F3A7E50B71,
				54029AA32A3FEB6E055914CF,
				6ECC08CAE7A242A161D5E6A0,
				3A9AEC506DCB0B7870CB9984,
				1FD761131385621A669ADCFB,
				5416FE03782CABED856B331B,
				97159EB427E4E48247BD4467,
				BBEF40C52EDD04EC41AD1E68,
			);
			runOnlyForDeploymentPostprocessing = 0;
		};
/* End PBXSourcesBuildPhase section */

/* Begin XCBuildConfiguration section */
		71693C803D2B006687AB390C /* Release */ = {
			isa = XCBuildConfiguration;
			buildSettings = {
				ALWAYS_SEARCH_USER_PATHS = NO;
				CLANG_ENABLE_OBJC_WEAK = YES;
				CLANG_WARN_BLOCK_CAPTURE_AUTORELEASING = YES;
				CLANG_WARN_BOOL_CONVERSION = YES;
				CLANG_WARN_COMMA = YES;
				CLANG_WARN_CONSTANT_CONVERSION = YES;
				CLANG_WARN_DEPRECATED_OBJC_IMPLEMENTATIONS = YES;
				CLANG_WARN_EMPTY_BODY = YES;
				CLANG_WARN_ENUM_CONVERSION = YES;
				CLANG_WARN_INFINITE_RECURSION = YES;
				CLANG_WARN_INT_CONVERSION = YES;
				CLANG_WARN_NON_LITERAL_NULL_CONVERSION = YES;
				CLANG_WARN_OBJC_IMPLICIT_RETAIN_SELF = YES;
				CLANG_WARN_OBJC_LITERAL_CONVERSION = YES;
				CLANG_WARN_RANGE_LOOP_ANALYSIS = YES;
				CLANG_WARN_STRICT_PROTOTYPES = YES;
				CLANG_WARN_SUSPICIOUS_MOVE = YES;
				CLANG_WARN_UNREACHABLE_CODE = YES;
				CLANG_WARN__DUPLICATE_METHOD_MATCH = YES;
				DEBUG_INFORMATION_FORMAT = dwarf;
				ENABLE_STRICT_OBJC_MSGSEND = YES;
				ENABLE_TESTABILITY = NO;
				GCC_C_LANGUAGE_STANDARD = c11;
				GCC_INLINES_ARE_PRIVATE_EXTERN = YES;
				GCC_MODEL_TUNING = G5;
				GCC_NO_COMMON_BLOCKS = YES;
				GCC_SYMBOLS_PRIVATE_EXTERN = YES;
				GCC_WARN_64_TO_32_BIT_CONVERSION = YES;
				GCC_WARN_ABOUT_RETURN_TYPE = YES;
				GCC_WARN_CHECK_SWITCH_STATEMENTS = YES;
				GCC_WARN_MISSING_PARENTHESES = YES;
				GCC_WARN_NON_VIRTUAL_DESTRUCTOR = YES;
				GCC_WARN_TYPECHECK_CALLS_TO_PRINTF = YES;
				GCC_WARN_UNDECLARED_SELECTOR = YES;
				GCC_WARN_UNINITIALIZED_AUTOS = YES;
				GCC_WARN_UNUSED_FUNCTION = YES;
				GCC_WARN_UNUSED_VARIABLE = YES;
				OTHER_CODE_SIGN_FLAGS = --timestamp;
				PRODUCT_NAME = "NewProject";
				SDKROOT = macosx;
				WARNING_CFLAGS = "-Wreorder";
				ZERO_LINK = NO;
			};
			name = Release;
		};
		8B5E18D23E94E86605D23C6E /* Debug */ = {
			isa = XCBuildConfiguration;
			buildSettings = {
				CLANG_CXX_LANGUAGE_STANDARD = "c++17";
				CLANG_CXX_LIBRARY = "libc++";
				CLANG_LINK_OBJC_RUNTIME = NO;
				CODE_SIGN_IDENTITY = ""
CODE_SIGNING_REQUIRED=NO
CODE_SIGNING_ALLOWED=NO";
				COMBINE_HIDPI_IMAGES = YES;
				CONFIGURATION_BUILD_DIR = "$(PROJECT_DIR)/build/$(CONFIGURATION)";
				COPY_PHASE_STRIP = NO;
				EXCLUDED_ARCHS = "";
				GCC_DYNAMIC_NO_PIC = NO;
				GCC_OPTIMIZATION_LEVEL = 0;
				GCC_PREPROCESSOR_DEFINITIONS = (
					"_DEBUG=1",
					"DEBUG=1",
					"JUCE_PROJUCER_VERSION=0x80006",
					"JUCE_MODULE_AVAILABLE_juce_audio_basics=1",
					"JUCE_MODULE_AVAILABLE_juce_audio_formats=1",
					"JUCE_MODULE_AVAILABLE_juce_core=1",
					"JUCE_MODULE_AVAILABLE_juce_data_structures=1",
					"JUCE_MODULE_AVAILABLE_juce_dsp=1",
					"JUCE_MODULE_AVAILABLE_juce_events=1",
					"JUCE_MODULE_AVAILABLE_juce_graphics=1",
					"JUCE_MODULE_AVAILABLE_juce_gui_basics=1",
					"JUCE_MODULE_AVAILABLE_juce_osc=1",
					"JUCE_GLOBAL_MODULE_SETTINGS_INCLUDED=1",
					"JUCE_STRICT_REFCOUNTEDPOINTER=1",
					"JUCE_STANDALONE_APPLICATION=1",
					"JUCER_XCODE_MAC_F6D2F4CF=1",
					"JUCE_APP_VERSION=1.0.0",
					"JUCE_APP_VERSION_HEX=0x10000",
					"JucePlugin_Build_VST=0",
					"JucePlugin_Build_VST3=0",
					"JucePlugin_Build_AU=0",
					"JucePlugin_Build_AUv3=0",
					"JucePlugin_Build_AAX=0",
					"JucePlugin_Build_Standalone=0",
					"JucePlugin_Build_Unity=0",
					"JucePlugin_Build_LV2=0",
				);
				GCC_VERSION = com.apple.compilers.llvm.clang.1_0;
				HEADER_SEARCH_PATHS = (
					"$(SRCROOT)/../../JuceLibraryCode",
					"/Users/nicola/Documents/JUCE/modules",
					"$(inherited)",
				);
				INFOPLIST_FILE = Info-App.plist;
				INFOPLIST_PREPROCESS = NO;
				INSTALL_PATH = "$(HOME)/Applications";
				MACOSX_DEPLOYMENT_TARGET = 10.13;
				MTL_HEADER_SEARCH_PATHS = "$(SRCROOT)/../../JuceLibraryCode /Users/nicola/Documents/JUCE/modules";
				PRODUCT_BUNDLE_IDENTIFIER = com.yourcompany.NewProject;
				PRODUCT_NAME = "NewProject";
				USE_HEADERMAP = NO;
				VALID_ARCHS = "i386 x86_64 arm64 arm64e";
			};
			name = Debug;
		};
		CC5059DE6C49D79AFC47A570 /* Release */ = {
			isa = XCBuildConfiguration;
			buildSettings = {
				CLANG_CXX_LANGUAGE_STANDARD = "c++17";
				CLANG_CXX_LIBRARY = "libc++";
				CLANG_LINK_OBJC_RUNTIME = NO;
				COMBINE_HIDPI_IMAGES = YES;
				CONFIGURATION_BUILD_DIR = "$(PROJECT_DIR)/build/$(CONFIGURATION)";
				DEAD_CODE_STRIPPING = YES;
				EXCLUDED_ARCHS = "";
				GCC_GENERATE_DEBUGGING_SYMBOLS = NO;
				GCC_OPTIMIZATION_LEVEL = 3;
				GCC_PREPROCESSOR_DEFINITIONS = (
					"_NDEBUG=1",
					"NDEBUG=1",
					"JUCE_PROJUCER_VERSION=0x80006",
					"JUCE_MODULE_AVAILABLE_juce_audio_basics=1",
					"JUCE_MODULE_AVAILABLE_juce_audio_formats=1",
					"JUCE_MODULE_AVAILABLE_juce_core=1",
					"JUCE_MODULE_AVAILABLE_juce_data_structures=1",
					"JUCE_MODULE_AVAILABLE_juce_dsp=1",
					"JUCE_MODULE_AVAILABLE_juce_events=1",
					"JUCE_MODULE_AVAILABLE_juce_graphics=1",
					"JUCE_MODULE_AVAILABLE_juce_gui_basics=1",
					"JUCE_MODULE_AVAILABLE_juce_osc=1",
					"JUCE_GLOBAL_MODULE_SETTINGS_INCLUDED=1",
					"JUCE_STRICT_REFCOUNTEDPOINTER=1",
					"JUCE_STANDALONE_APPLICATION=1",
					"JUCER_XCODE_MAC_F6D2F4CF=1",
					"JUCE_APP_VERSION=1.0.0",
					"JUCE_APP_VERSION_HEX=0x10000",
					"JucePlugin_Build_VST=0",
					"JucePlugin_Build_VST3=0",
					"JucePlugin_Build_AU=0",
					"JucePlugin_Build_AUv3=0",
					"JucePlugin_Build_AAX=0",
					"JucePlugin_Build_Standalone=0",
					"JucePlugin_Build_Unity=0",
					"JucePlugin_Build_LV2=0",
				);
				GCC_VERSION = com.apple.compilers.llvm.clang.1_0;
				HEADER_SEARCH_PATHS = (
					"$(SRCROOT)/../../JuceLibraryCode",
					"/Users/nicola/Documents/JUCE/modules",
					"$(inherited)",
				);
				INFOPLIST_FILE = Info-App.plist;
				INFOPLIST_PREPROCESS = NO;
				INSTALL_PATH = "$(HOME)/Applications";
				LLVM_LTO = YES;
				MACOSX_DEPLOYMENT_TARGET = 10.13;
				MTL_HEADER_SEARCH_PATHS = "$(SRCROOT)/../../JuceLibraryCode /Users/nicola/Documents/JUCE/modules";
				PRODUCT_BUNDLE_IDENTIFIER = com.yourcompany.NewProject;
				PRODUCT_NAME = "NewProject";
				USE_HEADERMAP = NO;
				VALID_ARCHS = "i386 x86_64 arm64 arm64e";
			};
			name = Release;
		};
		E60968E8E52331319FB4FCD2 /* Debug */ = {
			isa = XCBuildConfiguration;
			buildSettings = {
				ALWAYS_SEARCH_USER_PATHS = NO;
				CLANG_ENABLE_OBJC_WEAK = YES;
				CLANG_WARN_BLOCK_CAPTURE_AUTORELEASING = YES;
				CLANG_WARN_BOOL_CONVERSION = YES;
				CLANG_WARN_COMMA = YES;
				CLANG_WARN_CONSTANT_CONVERSION = YES;
				CLANG_WARN_DEPRECATED_OBJC_IMPLEMENTATIONS = YES;
				CLANG_WARN_EMPTY_BODY = YES;
				CLANG_WARN_ENUM_CONVERSION = YES;
				CLANG_WARN_INFINITE_RECURSION = YES;
				CLANG_WARN_INT_CONVERSION = YES;
				CLANG_WARN_NON_LITERAL_NULL_CONVERSION = YES;
				CLANG_WARN_OBJC_IMPLICIT_RETAIN_SELF = YES;
				CLANG_WARN_OBJC_LITERAL_CONVERSION = YES;
				CLANG_WARN_RANGE_LOOP_ANALYSIS = YES;
				CLANG_WARN_STRICT_PROTOTYPES = YES;
				CLANG_WARN_SUSPICIOUS_MOVE = YES;
				CLANG_WARN_UNREACHABLE_CODE = YES;
				CLANG_WARN__DUPLICATE_METHOD_MATCH = YES;
				DEBUG_INFORMATION_FORMAT = dwarf;
				ENABLE_STRICT_OBJC_MSGSEND = YES;
				ENABLE_TESTABILITY = NO;
				GCC_C_LANGUAGE_STANDARD = c11;
				GCC_INLINES_ARE_PRIVATE_EXTERN = YES;
				GCC_MODEL_TUNING = G5;
				GCC_NO_COMMON_BLOCKS = YES;
				GCC_SYMBOLS_PRIVATE_EXTERN = YES;
				GCC_WARN_64_TO_32_BIT_CONVERSION = YES;
				GCC_WARN_ABOUT_RETURN_TYPE = YES;
				GCC_WARN_CHECK_SWITCH_STATEMENTS = YES;
				GCC_WARN_MISSING_PARENTHESES = YES;
				GCC_WARN_NON_VIRTUAL_DESTRUCTOR = YES;
				GCC_WARN_TYPECHECK_CALLS_TO_PRINTF = YES;
				GCC_WARN_UNDECLARED_SELECTOR = YES;
				GCC_WARN_UNINITIALIZED_AUTOS = YES;
				GCC_WARN_UNUSED_FUNCTION = YES;
				GCC_WARN_UNUSED_VARIABLE = YES;
				ONLY_ACTIVE_ARCH = YES;
				OTHER_CODE_SIGN_FLAGS = --timestamp;
				PRODUCT_NAME = "NewProject";
				SDKROOT = macosx;
				WARNING_CFLAGS = "-Wreorder";
				ZERO_LINK = NO;
			};
			name = Debug;
		};
/* End XCBuildConfiguration section */

/* Begin XCConfigurationList section */
		5AD4D05F74B6A10A65578CFC = {
			isa = XCConfigurationList;
			buildConfigurations = (
				71693C803D2B006687AB390C,
				E60968E8E52331319FB4FCD2,
			);
			defaultConfigurationIsVisible = 0;
			defaultConfigurationName = Debug;
		};
		F97B9B5784C36F31AE0BEECC = {
			isa = XCConfigurationList;
			buildConfigurations = (
				8B5E18D23E94E86605D23C6E,
				CC5059DE6C49D79AFC47A570,
			);
			defaultConfigurationIsVisible = 0;
			defaultConfigurationName = Debug;
		};
/* End XCConfigurationList section */
	};
	rootObject = D148E6ADB21E719E954B5212 /* Project object */;
}
